
Microsoft Visual Studio Solution File, Format Version 12.00
# Visual Studio 14
VisualStudioVersion = 14.0.24720.0
MinimumVisualStudioVersion = 10.0.40219.1
Project("{FAE04EC0-301F-11D3-BF4B-00C04F79EFBC}") = "datelog", "datelog\datelog.csproj", "{68EE57F7-A405-41C8-A269-209DFE219979}"
EndProject
Project("{FAE04EC0-301F-11D3-BF4B-00C04F79EFBC}") = "UnitTest", "UnitTest\UnitTest.csproj", "{8E815704-69E6-40A1-B47D-206EC3678F63}"
EndProject
Global
	GlobalSection(SolutionConfigurationPlatforms) = preSolution
		Debug|Any CPU = Debug|Any CPU
		Release|Any CPU = Release|Any CPU
	EndGlobalSection
	GlobalSection(ProjectConfigurationPlatforms) = postSolution
		{68EE57F7-A405-41C8-A269-209DFE219979}.Debug|Any CPU.ActiveCfg = Debug|Any CPU
		{68EE57F7-A405-41C8-A269-209DFE219979}.Debug|Any CPU.Build.0 = Debug|Any CPU
		{68EE57F7-A405-41C8-A269-209DFE219979}.Release|Any CPU.ActiveCfg = Release|Any CPU
		{68EE57F7-A405-41C8-A269-209DFE219979}.Release|Any CPU.Build.0 = Release|Any CPU
		{8E815704-69E6-40A1-B47D-206EC3678F63}.Debug|Any CPU.ActiveCfg = Debug|Any CPU
		{8E815704-69E6-40A1-B47D-206EC3678F63}.Debug|Any CPU.Build.0 = Debug|Any CPU
		{8E815704-69E6-40A1-B47D-206EC3678F63}.Release|Any CPU.ActiveCfg = Release|Any CPU
		{8E815704-69E6-40A1-B47D-206EC3678F63}.Release|Any CPU.Build.0 = Release|Any CPU
	EndGlobalSection
	GlobalSection(SolutionProperties) = preSolution
		HideSolutionNode = FALSE
	EndGlobalSection
EndGlobal
